
Microsoft Visual Studio Solution File, Format Version 12.00
# Visual Studio Version 16
VisualStudioVersion = 16.0.31005.135
MinimumVisualStudioVersion = 10.0.40219.1
Project("{FAE04EC0-301F-11D3-BF4B-00C04F79EFBC}") = "UserMaintenance", "UserMaintenance\UserMaintenance.csproj", "{22FCF496-B287-4EF8-BA03-6EC1F4271051}"
EndProject
Project("{FAE04EC0-301F-11D3-BF4B-00C04F79EFBC}") = "poc_week06", "poc_week06\poc_week06.csproj", "{209EFA59-CF2A-4005-92BC-592F9E37AF5F}"
EndProject
Project("{FAE04EC0-301F-11D3-BF4B-00C04F79EFBC}") = "Mikulas", "Mikulas\Mikulas.csproj", "{62FDC52A-54E1-4EA8-8E2A-E62D84F74700}"
EndProject
Project("{FAE04EC0-301F-11D3-BF4B-00C04F79EFBC}") = "UnitTestExample", "..\..\..\..\Downloads\UnitTestExample\UnitTestExample\UnitTestExample.csproj", "{F1FBDBB6-FEBA-421B-A647-484ED380E500}"
EndProject
Project("{2150E333-8FDC-42A3-9474-1A3956D46DE8}") = "unittest", "unittest", "{5095F4A2-8E1F-461A-8E5B-18645CF4CF3C}"
EndProject
Project("{FAE04EC0-301F-11D3-BF4B-00C04F79EFBC}") = "UnitTestExample.Test", "UnitTestExample.Test\UnitTestExample.Test.csproj", "{A530F303-3B00-4AB5-B588-92D4BFD1AEBB}"
EndProject
Global
	GlobalSection(SolutionConfigurationPlatforms) = preSolution
		Debug|Any CPU = Debug|Any CPU
		Release|Any CPU = Release|Any CPU
	EndGlobalSection
	GlobalSection(ProjectConfigurationPlatforms) = postSolution
		{22FCF496-B287-4EF8-BA03-6EC1F4271051}.Debug|Any CPU.ActiveCfg = Debug|Any CPU
		{22FCF496-B287-4EF8-BA03-6EC1F4271051}.Debug|Any CPU.Build.0 = Debug|Any CPU
		{22FCF496-B287-4EF8-BA03-6EC1F4271051}.Release|Any CPU.ActiveCfg = Release|Any CPU
		{22FCF496-B287-4EF8-BA03-6EC1F4271051}.Release|Any CPU.Build.0 = Release|Any CPU
		{209EFA59-CF2A-4005-92BC-592F9E37AF5F}.Debug|Any CPU.ActiveCfg = Debug|Any CPU
		{209EFA59-CF2A-4005-92BC-592F9E37AF5F}.Debug|Any CPU.Build.0 = Debug|Any CPU
		{209EFA59-CF2A-4005-92BC-592F9E37AF5F}.Release|Any CPU.ActiveCfg = Release|Any CPU
		{209EFA59-CF2A-4005-92BC-592F9E37AF5F}.Release|Any CPU.Build.0 = Release|Any CPU
		{62FDC52A-54E1-4EA8-8E2A-E62D84F74700}.Debug|Any CPU.ActiveCfg = Debug|Any CPU
		{62FDC52A-54E1-4EA8-8E2A-E62D84F74700}.Debug|Any CPU.Build.0 = Debug|Any CPU
		{62FDC52A-54E1-4EA8-8E2A-E62D84F74700}.Release|Any CPU.ActiveCfg = Release|Any CPU
		{62FDC52A-54E1-4EA8-8E2A-E62D84F74700}.Release|Any CPU.Build.0 = Release|Any CPU
		{F1FBDBB6-FEBA-421B-A647-484ED380E500}.Debug|Any CPU.ActiveCfg = Debug|Any CPU
		{F1FBDBB6-FEBA-421B-A647-484ED380E500}.Debug|Any CPU.Build.0 = Debug|Any CPU
		{F1FBDBB6-FEBA-421B-A647-484ED380E500}.Release|Any CPU.ActiveCfg = Release|Any CPU
		{F1FBDBB6-FEBA-421B-A647-484ED380E500}.Release|Any CPU.Build.0 = Release|Any CPU
		{A530F303-3B00-4AB5-B588-92D4BFD1AEBB}.Debug|Any CPU.ActiveCfg = Debug|Any CPU
		{A530F303-3B00-4AB5-B588-92D4BFD1AEBB}.Debug|Any CPU.Build.0 = Debug|Any CPU
		{A530F303-3B00-4AB5-B588-92D4BFD1AEBB}.Release|Any CPU.ActiveCfg = Release|Any CPU
		{A530F303-3B00-4AB5-B588-92D4BFD1AEBB}.Release|Any CPU.Build.0 = Release|Any CPU
	EndGlobalSection
	GlobalSection(SolutionProperties) = preSolution
		HideSolutionNode = FALSE
	EndGlobalSection
	GlobalSection(NestedProjects) = preSolution
		{F1FBDBB6-FEBA-421B-A647-484ED380E500} = {5095F4A2-8E1F-461A-8E5B-18645CF4CF3C}
		{A530F303-3B00-4AB5-B588-92D4BFD1AEBB} = {5095F4A2-8E1F-461A-8E5B-18645CF4CF3C}
	EndGlobalSection
	GlobalSection(ExtensibilityGlobals) = postSolution
		SolutionGuid = {5F98749B-38EF-4D1D-A70C-34F823559165}
	EndGlobalSection
EndGlobal
